// !$*UTF8*$!
{
	archiveVersion = 1;
	classes = {
	};
	objectVersion = 50;
	objects = {

/* Begin PBXBuildFile section */
		043456072541877E007DDA76 /* AppDelegate.swift in Sources */ = {isa = PBXBuildFile; fileRef = 043456062541877E007DDA76 /* AppDelegate.swift */; };
		043456092541877E007DDA76 /* SceneDelegate.swift in Sources */ = {isa = PBXBuildFile; fileRef = 043456082541877E007DDA76 /* SceneDelegate.swift */; };
		0434560B2541877E007DDA76 /* ViewController.swift in Sources */ = {isa = PBXBuildFile; fileRef = 0434560A2541877E007DDA76 /* ViewController.swift */; };
		0434560E2541877E007DDA76 /* Main.storyboard in Resources */ = {isa = PBXBuildFile; fileRef = 0434560C2541877E007DDA76 /* Main.storyboard */; };
		0434561025418781007DDA76 /* Assets.xcassets in Resources */ = {isa = PBXBuildFile; fileRef = 0434560F25418781007DDA76 /* Assets.xcassets */; };
		0434561325418781007DDA76 /* LaunchScreen.storyboard in Resources */ = {isa = PBXBuildFile; fileRef = 0434561125418781007DDA76 /* LaunchScreen.storyboard */; };
		0434561D254187FF007DDA76 /* CollectionViewCell.swift in Sources */ = {isa = PBXBuildFile; fileRef = 0434561B254187FF007DDA76 /* CollectionViewCell.swift */; };
		0434561E254187FF007DDA76 /* CollectionViewCell.xib in Resources */ = {isa = PBXBuildFile; fileRef = 0434561C254187FF007DDA76 /* CollectionViewCell.xib */; };
		043456292541B82F007DDA76 /* CustomLayout.swift in Sources */ = {isa = PBXBuildFile; fileRef = 043456282541B82F007DDA76 /* CustomLayout.swift */; };
/* End PBXBuildFile section */

/* Begin PBXFileReference section */
		043456032541877E007DDA76 /* PintrestViewCollection.app */ = {isa = PBXFileReference; explicitFileType = wrapper.application; includeInIndex = 0; path = PintrestViewCollection.app; sourceTree = BUILT_PRODUCTS_DIR; };
		043456062541877E007DDA76 /* AppDelegate.swift */ = {isa = PBXFileReference; lastKnownFileType = sourcecode.swift; path = AppDelegate.swift; sourceTree = "<group>"; };
		043456082541877E007DDA76 /* SceneDelegate.swift */ = {isa = PBXFileReference; lastKnownFileType = sourcecode.swift; path = SceneDelegate.swift; sourceTree = "<group>"; };
		0434560A2541877E007DDA76 /* ViewController.swift */ = {isa = PBXFileReference; lastKnownFileType = sourcecode.swift; path = ViewController.swift; sourceTree = "<group>"; };
		0434560D2541877E007DDA76 /* Base */ = {isa = PBXFileReference; lastKnownFileType = file.storyboard; name = Base; path = Base.lproj/Main.storyboard; sourceTree = "<group>"; };
		0434560F25418781007DDA76 /* Assets.xcassets */ = {isa = PBXFileReference; lastKnownFileType = folder.assetcatalog; path = Assets.xcassets; sourceTree = "<group>"; };
		0434561225418781007DDA76 /* Base */ = {isa = PBXFileReference; lastKnownFileType = file.storyboard; name = Base; path = Base.lproj/LaunchScreen.storyboard; sourceTree = "<group>"; };
		0434561425418781007DDA76 /* Info.plist */ = {isa = PBXFileReference; lastKnownFileType = text.plist.xml; path = Info.plist; sourceTree = "<group>"; };
		0434561B254187FF007DDA76 /* CollectionViewCell.swift */ = {isa = PBXFileReference; lastKnownFileType = sourcecode.swift; path = CollectionViewCell.swift; sourceTree = "<group>"; };
		0434561C254187FF007DDA76 /* CollectionViewCell.xib */ = {isa = PBXFileReference; lastKnownFileType = file.xib; path = CollectionViewCell.xib; sourceTree = "<group>"; };
		043456282541B82F007DDA76 /* CustomLayout.swift */ = {isa = PBXFileReference; fileEncoding = 4; lastKnownFileType = sourcecode.swift; path = CustomLayout.swift; sourceTree = "<group>"; };
/* End PBXFileReference section */

/* Begin PBXFrameworksBuildPhase section */
		043456002541877E007DDA76 /* Frameworks */ = {
			isa = PBXFrameworksBuildPhase;
			buildActionMask = 2147483647;
			files = (
			);
			runOnlyForDeploymentPostprocessing = 0;
		};
/* End PBXFrameworksBuildPhase section */

/* Begin PBXGroup section */
		043455FA2541877E007DDA76 = {
			isa = PBXGroup;
			children = (
				043456052541877E007DDA76 /* PintrestViewCollection */,
				043456042541877E007DDA76 /* Products */,
			);
			sourceTree = "<group>";
		};
		043456042541877E007DDA76 /* Products */ = {
			isa = PBXGroup;
			children = (
				043456032541877E007DDA76 /* PintrestViewCollection.app */,
			);
			name = Products;
			sourceTree = "<group>";
		};
		043456052541877E007DDA76 /* PintrestViewCollection */ = {
			isa = PBXGroup;
			children = (
				043456282541B82F007DDA76 /* CustomLayout.swift */,
				043456062541877E007DDA76 /* AppDelegate.swift */,
				043456082541877E007DDA76 /* SceneDelegate.swift */,
				0434560A2541877E007DDA76 /* ViewController.swift */,
				0434560C2541877E007DDA76 /* Main.storyboard */,
				0434561B254187FF007DDA76 /* CollectionViewCell.swift */,
				0434561C254187FF007DDA76 /* CollectionViewCell.xib */,
				0434560F25418781007DDA76 /* Assets.xcassets */,
				0434561125418781007DDA76 /* LaunchScreen.storyboard */,
				0434561425418781007DDA76 /* Info.plist */,
			);
			path = PintrestViewCollection;
			sourceTree = "<group>";
		};
/* End PBXGroup section */

/* Begin PBXNativeTarget section */
		043456022541877E007DDA76 /* PintrestViewCollection */ = {
			isa = PBXNativeTarget;
			buildConfigurationList = 0434561725418781007DDA76 /* Build configuration list for PBXNativeTarget "PintrestViewCollection" */;
			buildPhases = (
				043455FF2541877E007DDA76 /* Sources */,
				043456002541877E007DDA76 /* Frameworks */,
				043456012541877E007DDA76 /* Resources */,
			);
			buildRules = (
			);
			dependencies = (
			);
			name = PintrestViewCollection;
			productName = PintrestViewCollection;
			productReference = 043456032541877E007DDA76 /* PintrestViewCollection.app */;
			productType = "com.apple.product-type.application";
		};
/* End PBXNativeTarget section */

/* Begin PBXProject section */
		043455FB2541877E007DDA76 /* Project object */ = {
			isa = PBXProject;
			attributes = {
				LastSwiftUpdateCheck = 1200;
				LastUpgradeCheck = 1200;
				TargetAttributes = {
					043456022541877E007DDA76 = {
						CreatedOnToolsVersion = 12.0.1;
					};
				};
			};
			buildConfigurationList = 043455FE2541877E007DDA76 /* Build configuration list for PBXProject "PintrestViewCollection" */;
			compatibilityVersion = "Xcode 9.3";
			developmentRegion = en;
			hasScannedForEncodings = 0;
			knownRegions = (
				en,
				Base,
			);
			mainGroup = 043455FA2541877E007DDA76;
			productRefGroup = 043456042541877E007DDA76 /* Products */;
			projectDirPath = "";
			projectRoot = "";
			targets = (
				043456022541877E007DDA76 /* PintrestViewCollection */,
			);
		};
/* End PBXProject section */

/* Begin PBXResourcesBuildPhase section */
		043456012541877E007DDA76 /* Resources */ = {
			isa = PBXResourcesBuildPhase;
			buildActionMask = 2147483647;
			files = (
				0434561325418781007DDA76 /* LaunchScreen.storyboard in Resources */,
				0434561025418781007DDA76 /* Assets.xcassets in Resources */,
				0434561E254187FF007DDA76 /* CollectionViewCell.xib in Resources */,
				0434560E2541877E007DDA76 /* Main.storyboard in Resources */,
			);
			runOnlyForDeploymentPostprocessing = 0;
		};
/* End PBXResourcesBuildPhase section */

/* Begin PBXSourcesBuildPhase section */
		043455FF2541877E007DDA76 /* Sources */ = {
			isa = PBXSourcesBuildPhase;
			buildActionMask = 2147483647;
			files = (
				0434560B2541877E007DDA76 /* ViewController.swift in Sources */,
				043456292541B82F007DDA76 /* CustomLayout.swift in Sources */,
				043456072541877E007DDA76 /* AppDelegate.swift in Sources */,
				0434561D254187FF007DDA76 /* CollectionViewCell.swift in Sources */,
				043456092541877E007DDA76 /* SceneDelegate.swift in Sources */,
			);
			runOnlyForDeploymentPostprocessing = 0;
		};
/* End PBXSourcesBuildPhase section */

/* Begin PBXVariantGroup section */
		0434560C2541877E007DDA76 /* Main.storyboard */ = {
			isa = PBXVariantGroup;
			children = (
				0434560D2541877E007DDA76 /* Base */,
			);
			name = Main.storyboard;
			sourceTree = "<group>";
		};
		0434561125418781007DDA76 /* LaunchScreen.storyboard */ = {
			isa = PBXVariantGroup;
			children = (
				0434561225418781007DDA76 /* Base */,
			);
			name = LaunchScreen.storyboard;
			sourceTree = "<group>";
		};
/* End PBXVariantGroup section */

/* Begin XCBuildConfiguration section */
		0434561525418781007DDA76 /* Debug */ = {
			isa = XCBuildConfiguration;
			buildSettings = {
				ALWAYS_SEARCH_USER_PATHS = NO;
				CLANG_ANALYZER_NONNULL = YES;
				CLANG_ANALYZER_NUMBER_OBJECT_CONVERSION = YES_AGGRESSIVE;
				CLANG_CXX_LANGUAGE_STANDARD = "gnu++14";
				CLANG_CXX_LIBRARY = "libc++";
				CLANG_ENABLE_MODULES = YES;
				CLANG_ENABLE_OBJC_ARC = YES;
				CLANG_ENABLE_OBJC_WEAK = YES;
				CLANG_WARN_BLOCK_CAPTURE_AUTORELEASING = YES;
				CLANG_WARN_BOOL_CONVERSION = YES;
				CLANG_WARN_COMMA = YES;
				CLANG_WARN_CONSTANT_CONVERSION = YES;
				CLANG_WARN_DEPRECATED_OBJC_IMPLEMENTATIONS = YES;
				CLANG_WARN_DIRECT_OBJC_ISA_USAGE = YES_ERROR;
				CLANG_WARN_DOCUMENTATION_COMMENTS = YES;
				CLANG_WARN_EMPTY_BODY = YES;
				CLANG_WARN_ENUM_CONVERSION = YES;
				CLANG_WARN_INFINITE_RECURSION = YES;
				CLANG_WARN_INT_CONVERSION = YES;
				CLANG_WARN_NON_LITERAL_NULL_CONVERSION = YES;
				CLANG_WARN_OBJC_IMPLICIT_RETAIN_SELF = YES;
				CLANG_WARN_OBJC_LITERAL_CONVERSION = YES;
				CLANG_WARN_OBJC_ROOT_CLASS = YES_ERROR;
				CLANG_WARN_QUOTED_INCLUDE_IN_FRAMEWORK_HEADER = YES;
				CLANG_WARN_RANGE_LOOP_ANALYSIS = YES;
				CLANG_WARN_STRICT_PROTOTYPES = YES;
				CLANG_WARN_SUSPICIOUS_MOVE = YES;
				CLANG_WARN_UNGUARDED_AVAILABILITY = YES_AGGRESSIVE;
				CLANG_WARN_UNREACHABLE_CODE = YES;
				CLANG_WARN__DUPLICATE_METHOD_MATCH = YES;
				COPY_PHASE_STRIP = NO;
				DEBUG_INFORMATION_FORMAT = dwarf;
				ENABLE_STRICT_OBJC_MSGSEND = YES;
				ENABLE_TESTABILITY = YES;
				GCC_C_LANGUAGE_STANDARD = gnu11;
				GCC_DYNAMIC_NO_PIC = NO;
				GCC_NO_COMMON_BLOCKS = YES;
				GCC_OPTIMIZATION_LEVEL = 0;
				GCC_PREPROCESSOR_DEFINITIONS = (
					"DEBUG=1",
					"$(inherited)",
				);
				GCC_WARN_64_TO_32_BIT_CONVERSION = YES;
				GCC_WARN_ABOUT_RETURN_TYPE = YES_ERROR;
				GCC_WARN_UNDECLARED_SELECTOR = YES;
				GCC_WARN_UNINITIALIZED_AUTOS = YES_AGGRESSIVE;
				GCC_WARN_UNUSED_FUNCTION = YES;
				GCC_WARN_UNUSED_VARIABLE = YES;
				IPHONEOS_DEPLOYMENT_TARGET = 14.0;
				MTL_ENABLE_DEBUG_INFO = INCLUDE_SOURCE;
				MTL_FAST_MATH = YES;
				ONLY_ACTIVE_ARCH = YES;
				SDKROOT = iphoneos;
				SWIFT_ACTIVE_COMPILATION_CONDITIONS = DEBUG;
				SWIFT_OPTIMIZATION_LEVEL = "-Onone";
			};
			name = Debug;
		};
		0434561625418781007DDA76 /* Release */ = {
			isa = XCBuildConfiguration;
			buildSettings = {
				ALWAYS_SEARCH_USER_PATHS = NO;
				CLANG_ANALYZER_NONNULL = YES;
				CLANG_ANALYZER_NUMBER_OBJECT_CONVERSION = YES_AGGRESSIVE;
				CLANG_CXX_LANGUAGE_STANDARD = "gnu++14";
				CLANG_CXX_LIBRARY = "libc++";
				CLANG_ENABLE_MODULES = YES;
				CLANG_ENABLE_OBJC_ARC = YES;
				CLANG_ENABLE_OBJC_WEAK = YES;
				CLANG_WARN_BLOCK_CAPTURE_AUTORELEASING = YES;
				CLANG_WARN_BOOL_CONVERSION = YES;
				CLANG_WARN_COMMA = YES;
				CLANG_WARN_CONSTANT_CONVERSION = YES;
				CLANG_WARN_DEPRECATED_OBJC_IMPLEMENTATIONS = YES;
				CLANG_WARN_DIRECT_OBJC_ISA_USAGE = YES_ERROR;
				CLANG_WARN_DOCUMENTATION_COMMENTS = YES;
				CLANG_WARN_EMPTY_BODY = YES;
				CLANG_WARN_ENUM_CONVERSION = YES;
				CLANG_WARN_INFINITE_RECURSION = YES;
				CLANG_WARN_INT_CONVERSION = YES;
				CLANG_WARN_NON_LITERAL_NULL_CONVERSION = YES;
				CLANG_WARN_OBJC_IMPLICIT_RETAIN_SELF = YES;
				CLANG_WARN_OBJC_LITERAL_CONVERSION = YES;
				CLANG_WARN_OBJC_ROOT_CLASS = YES_ERROR;
				CLANG_WARN_QUOTED_INCLUDE_IN_FRAMEWORK_HEADER = YES;
				CLANG_WARN_RANGE_LOOP_ANALYSIS = YES;
				CLANG_WARN_STRICT_PROTOTYPES = YES;
				CLANG_WARN_SUSPICIOUS_MOVE = YES;
				CLANG_WARN_UNGUARDED_AVAILABILITY = YES_AGGRESSIVE;
				CLANG_WARN_UNREACHABLE_CODE = YES;
				CLANG_WARN__DUPLICATE_METHOD_MATCH = YES;
				COPY_PHASE_STRIP = NO;
				DEBUG_INFORMATION_FORMAT = "dwarf-with-dsym";
				ENABLE_NS_ASSERTIONS = NO;
				ENABLE_STRICT_OBJC_MSGSEND = YES;
				GCC_C_LANGUAGE_STANDARD = gnu11;
				GCC_NO_COMMON_BLOCKS = YES;
				GCC_WARN_64_TO_32_BIT_CONVERSION = YES;
				GCC_WARN_ABOUT_RETURN_TYPE = YES_ERROR;
				GCC_WARN_UNDECLARED_SELECTOR = YES;
				GCC_WARN_UNINITIALIZED_AUTOS = YES_AGGRESSIVE;
				GCC_WARN_UNUSED_FUNCTION = YES;
				GCC_WARN_UNUSED_VARIABLE = YES;
				IPHONEOS_DEPLOYMENT_TARGET = 14.0;
				MTL_ENABLE_DEBUG_INFO = NO;
				MTL_FAST_MATH = YES;
				SDKROOT = iphoneos;
				SWIFT_COMPILATION_MODE = wholemodule;
				SWIFT_OPTIMIZATION_LEVEL = "-O";
				VALIDATE_PRODUCT = YES;
			};
			name = Release;
		};
		0434561825418781007DDA76 /* Debug */ = {
			isa = XCBuildConfiguration;
			buildSettings = {
				ASSETCATALOG_COMPILER_APPICON_NAME = AppIcon;
				ASSETCATALOG_COMPILER_GLOBAL_ACCENT_COLOR_NAME = AccentColor;
				CODE_SIGN_STYLE = Automatic;
				INFOPLIST_FILE = PintrestViewCollection/Info.plist;
				LD_RUNPATH_SEARCH_PATHS = (
					"$(inherited)",
					"@executable_path/Frameworks",
				);
				PRODUCT_BUNDLE_IDENTIFIER = Mayur.PintrestViewCollection;
				PRODUCT_NAME = "$(TARGET_NAME)";
				SWIFT_VERSION = 5.0;
				TARGETED_DEVICE_FAMILY = "1,2";
			};
			name = Debug;
		};
		0434561925418781007DDA76 /* Release */ = {
			isa = XCBuildConfiguration;
			buildSettings = {
				ASSETCATALOG_COMPILER_APPICON_NAME = AppIcon;
				ASSETCATALOG_COMPILER_GLOBAL_ACCENT_COLOR_NAME = AccentColor;
				CODE_SIGN_STYLE = Automatic;
				INFOPLIST_FILE = PintrestViewCollection/Info.plist;
				LD_RUNPATH_SEARCH_PATHS = (
					"$(inherited)",
					"@executable_path/Frameworks",
				);
				PRODUCT_BUNDLE_IDENTIFIER = Mayur.PintrestViewCollection;
				PRODUCT_NAME = "$(TARGET_NAME)";
				SWIFT_VERSION = 5.0;
				TARGETED_DEVICE_FAMILY = "1,2";
			};
			name = Release;
		};
/* End XCBuildConfiguration section */

/* Begin XCConfigurationList section */
		043455FE2541877E007DDA76 /* Build configuration list for PBXProject "PintrestViewCollection" */ = {
			isa = XCConfigurationList;
			buildConfigurations = (
				0434561525418781007DDA76 /* Debug */,
				0434561625418781007DDA76 /* Release */,
			);
			defaultConfigurationIsVisible = 0;
			defaultConfigurationName = Release;
		};
		0434561725418781007DDA76 /* Build configuration list for PBXNativeTarget "PintrestViewCollection" */ = {
			isa = XCConfigurationList;
			buildConfigurations = (
				0434561825418781007DDA76 /* Debug */,
				0434561925418781007DDA76 /* Release */,
			);
			defaultConfigurationIsVisible = 0;
			defaultConfigurationName = Release;
		};
/* End XCConfigurationList section */
	};
	rootObject = 043455FB2541877E007DDA76 /* Project object */;
}
